
Microsoft Visual Studio Solution File, Format Version 12.00
# Visual Studio Version 17
VisualStudioVersion = 17.11.35312.102
MinimumVisualStudioVersion = 10.0.40219.1
Project("{9A19103F-16F7-4668-BE54-9A1E7A4F7556}") = "Task2.Api", "Task2.Api\Task2.Api.csproj", "{C1B9A5D6-234A-475E-BA7E-C2C8C8A7F4DC}"
EndProject
Project("{9A19103F-16F7-4668-BE54-9A1E7A4F7556}") = "Task2.Web", "Task2.Web\Task2.Web.csproj", "{D69ADB31-61B2-47EA-9967-D7AF6EED7BBD}"
EndProject
Global
	GlobalSection(SolutionConfigurationPlatforms) = preSolution
		Debug|Any CPU = Debug|Any CPU
		Release|Any CPU = Release|Any CPU
	EndGlobalSection
	GlobalSection(ProjectConfigurationPlatforms) = postSolution
		{C1B9A5D6-234A-475E-BA7E-C2C8C8A7F4DC}.Debug|Any CPU.ActiveCfg = Debug|Any CPU
		{C1B9A5D6-234A-475E-BA7E-C2C8C8A7F4DC}.Debug|Any CPU.Build.0 = Debug|Any CPU
		{C1B9A5D6-234A-475E-BA7E-C2C8C8A7F4DC}.Release|Any CPU.ActiveCfg = Release|Any CPU
		{C1B9A5D6-234A-475E-BA7E-C2C8C8A7F4DC}.Release|Any CPU.Build.0 = Release|Any CPU
		{D69ADB31-61B2-47EA-9967-D7AF6EED7BBD}.Debug|Any CPU.ActiveCfg = Debug|Any CPU
		{D69ADB31-61B2-47EA-9967-D7AF6EED7BBD}.Debug|Any CPU.Build.0 = Debug|Any CPU
		{D69ADB31-61B2-47EA-9967-D7AF6EED7BBD}.Release|Any CPU.ActiveCfg = Release|Any CPU
		{D69ADB31-61B2-47EA-9967-D7AF6EED7BBD}.Release|Any CPU.Build.0 = Release|Any CPU
	EndGlobalSection
	GlobalSection(SolutionProperties) = preSolution
		HideSolutionNode = FALSE
	EndGlobalSection
	GlobalSection(ExtensibilityGlobals) = postSolution
		SolutionGuid = {F5F483A3-D629-4962-9828-82BCC950CE42}
	EndGlobalSection
EndGlobal
